# THIS IS AN AUTOGENERATED FILE. DO NOT EDIT THIS FILE DIRECTLY.
# yarn lockfile v1


"@vant/weapp@^1.6.4":
  version "1.6.4"
  resolved "https://registry.npmjs.org/@vant/weapp/-/weapp-1.6.4.tgz#94aa1b6de263222a4d42af6b00665313fcf76a2c"
  integrity sha512-3vhoMHXS1Gz2FJDDcWnkunP196QYMXBAiKi4ouvZtYDpEFhuX3oaPrxK/ckLliFAfPInujnd+mdMueLaX0aQ2A==

bignumber.js@^9.0.1:
  version "9.0.1"
  resolved "https://registry.npm.taobao.org/bignumber.js/download/bignumber.js-9.0.1.tgz#8d7ba124c882bfd8e43260c67475518d0689e4e5"
  integrity sha1-jXuhJMiCv9jkMmDGdHVRjQaJ5OU=

fast-deep-equal@^2.0.1:
  version "2.0.1"
  resolved "https://registry.npm.taobao.org/fast-deep-equal/download/fast-deep-equal-2.0.1.tgz#7b05218ddf9667bf7f370bf7fdb2cb15fdd0aa49"
  integrity sha1-ewUhjd+WZ79/Nwv3/bLLFf3Qqkk=

miniprogram-computed@^2.2.0:
  version "2.2.0"
  resolved "https://registry.npm.taobao.org/miniprogram-computed/download/miniprogram-computed-2.2.0.tgz#c6c1e661f86c0c7843c433be2ac3c1d03656797b"
  integrity sha1-xsHmYfhsDHhDxDO+KsPB0DZWeXs=
  dependencies:
    fast-deep-equal "^2.0.1"
    rfdc "^1.1.4"

rfdc@^1.1.4:
  version "1.1.4"
  resolved "https://registry.npm.taobao.org/rfdc/download/rfdc-1.1.4.tgz#ba72cc1367a0ccd9cf81a870b3b58bd3ad07f8c2"
  integrity sha1-unLME2egzNnPgahws7WL060H+MI=
